[root]
name = "rustifoo"
version = "0.1.0"
dependencies = [
 "jni 0.4.0 (registry+https://github.com/rust-lang/crates.io-index)",
 "lazy_static 0.2.2 (registry+https://github.com/rust-lang/crates.io-index)",
]

[[package]]
name = "ascii"
version = "0.7.1"
source = "registry+https://github.com/rust-lang/crates.io-index"

[[package]]
name = "cesu8"
version = "1.1.0"
source = "registry+https://github.com/rust-lang/crates.io-index"

[[package]]
name = "combine"
version = "2.3.2"
source = "registry+https://github.com/rust-lang/crates.io-index"
dependencies = [
 "ascii 0.7.1 (registry+https://github.com/rust-lang/crates.io-index)",
]

[[package]]
name = "error-chain"
version = "0.10.0"
source = "registry+https://github.com/rust-lang/crates.io-index"

[[package]]
name = "jni"
version = "0.4.0"
source = "registry+https://github.com/rust-lang/crates.io-index"
dependencies = [
 "cesu8 1.1.0 (registry+https://github.com/rust-lang/crates.io-index)",
 "combine 2.3.2 (registry+https://github.com/rust-lang/crates.io-index)",
 "error-chain 0.10.0 (registry+https://github.com/rust-lang/crates.io-index)",
 "jni-sys 0.2.2 (registry+https://github.com/rust-lang/crates.io-index)",
 "log 0.3.6 (registry+https://github.com/rust-lang/crates.io-index)",
]

[[package]]
name = "jni-sys"
version = "0.2.2"
source = "registry+https://github.com/rust-lang/crates.io-index"

[[package]]
name = "lazy_static"
version = "0.2.2"
source = "registry+https://github.com/rust-lang/crates.io-index"

[[package]]
name = "log"
version = "0.3.6"
source = "registry+https://github.com/rust-lang/crates.io-index"

[metadata]
"checksum ascii 0.7.1 (registry+https://github.com/rust-lang/crates.io-index)" = "3ae7d751998c189c1d4468cf0a39bb2eae052a9c58d50ebb3b9591ee3813ad50"
"checksum cesu8 1.1.0 (registry+https://github.com/rust-lang/crates.io-index)" = "6d43a04d8753f35258c91f8ec639f792891f748a1edbd759cf1dcea3382ad83c"
"checksum combine 2.3.2 (registry+https://github.com/rust-lang/crates.io-index)" = "0d4e2b2f3e0e68b531bd90f79c0c897f2da8de4109fc1dd7cd427990621dd2d0"
"checksum error-chain 0.10.0 (registry+https://github.com/rust-lang/crates.io-index)" = "d9435d864e017c3c6afeac1654189b06cdb491cf2ff73dbf0d73b0f292f42ff8"
"checksum jni 0.4.0 (registry+https://github.com/rust-lang/crates.io-index)" = "62bcf7e41257122be93f778b451b2d48476e1b35b9c780be0defca83c359379e"
"checksum jni-sys 0.2.2 (registry+https://github.com/rust-lang/crates.io-index)" = "83ba0fad4625733b25833da250d0c84058314e1a276f4939f3e87c195997c206"
"checksum lazy_static 0.2.2 (registry+https://github.com/rust-lang/crates.io-index)" = "6abe0ee2e758cd6bc8a2cd56726359007748fbf4128da998b65d0b70f881e19b"
"checksum log 0.3.6 (registry+https://github.com/rust-lang/crates.io-index)" = "ab83497bf8bf4ed2a74259c1c802351fcd67a65baa86394b6ba73c36f4838054"
